
Microsoft Visual Studio Solution File, Format Version 12.00
# Visual Studio Version 17
VisualStudioVersion = 17.7.34031.279
MinimumVisualStudioVersion = 10.0.40219.1
Project("{FAE04EC0-301F-11D3-BF4B-00C04F79EFBC}") = "Stock_Exchange", "Stock_Exchange.csproj", "{EA417369-C194-40BF-833E-4558415DBE97}"
EndProject
Global
	GlobalSection(SolutionConfigurationPlatforms) = preSolution
		Debug|Any CPU = Debug|Any CPU
		Release|Any CPU = Release|Any CPU
	EndGlobalSection
	GlobalSection(ProjectConfigurationPlatforms) = postSolution
		{EA417369-C194-40BF-833E-4558415DBE97}.Debug|Any CPU.ActiveCfg = Debug|Any CPU
		{EA417369-C194-40BF-833E-4558415DBE97}.Debug|Any CPU.Build.0 = Debug|Any CPU
		{EA417369-C194-40BF-833E-4558415DBE97}.Release|Any CPU.ActiveCfg = Release|Any CPU
		{EA417369-C194-40BF-833E-4558415DBE97}.Release|Any CPU.Build.0 = Release|Any CPU
	EndGlobalSection
	GlobalSection(SolutionProperties) = preSolution
		HideSolutionNode = FALSE
	EndGlobalSection
	GlobalSection(ExtensibilityGlobals) = postSolution
		SolutionGuid = {D31042A4-DE44-4351-ACC4-30F04F572C54}
	EndGlobalSection
EndGlobal
